
Microsoft Visual Studio Solution File, Format Version 12.00
# Visual Studio Version 17
VisualStudioVersion = 17.1.32319.34
MinimumVisualStudioVersion = 10.0.40219.1
Project("{2150E333-8FDC-42A3-9474-1A3956D46DE8}") = "src", "src", "{B9CE8818-A349-4678-BD94-20FABDC3AA3C}"
EndProject
Project("{2150E333-8FDC-42A3-9474-1A3956D46DE8}") = "test", "test", "{7E600273-89CB-4B48-9DCD-F7F95BB867C7}"
EndProject
Project("{9A19103F-16F7-4668-BE54-9A1E7A4F7556}") = "Yande.Api", "src\Yande.Api\Yande.Api.csproj", "{1A98C5AD-C3E0-4914-9EF3-B1242C3E40FE}"
EndProject
Project("{9A19103F-16F7-4668-BE54-9A1E7A4F7556}") = "Yande.Core.Filter", "src\Yande.Core.Filter\Yande.Core.Filter.csproj", "{D2F274FB-D5F3-42EE-8F4F-82888D09D14D}"
EndProject
Project("{9A19103F-16F7-4668-BE54-9A1E7A4F7556}") = "Yande.Core.Package", "src\Yande.Core.Package\Yande.Core.Package.csproj", "{3C47F391-2FB8-4483-AAAA-53D389EB9777}"
EndProject
Project("{9A19103F-16F7-4668-BE54-9A1E7A4F7556}") = "Yande.Core.Service", "src\Yande.Core.Service\Yande.Core.Service.csproj", "{97CF9AF0-E211-4D39-909F-357B675DD956}"
EndProject
Project("{9A19103F-16F7-4668-BE54-9A1E7A4F7556}") = "Yande.Core.AppSettings", "src\Yande.Core.AppSettings\Yande.Core.AppSettings.csproj", "{D21F457C-BA03-48F4-AEC1-252971533D4A}"
EndProject
Project("{9A19103F-16F7-4668-BE54-9A1E7A4F7556}") = "Yande.Core.Entity", "src\Yande.Core.Entity\Yande.Core.Entity.csproj", "{21C327E6-CC87-43A3-8AA0-F16A56660D95}"
EndProject
Project("{9A19103F-16F7-4668-BE54-9A1E7A4F7556}") = "Yande.Core.Redis", "src\Yande.Core.Redis\Yande.Core.Redis.csproj", "{E6F78A6C-9744-4EED-B761-52458F1141C1}"
EndProject
Project("{9A19103F-16F7-4668-BE54-9A1E7A4F7556}") = "Yande.Core.WebHelper", "src\Yande.Core.WebHelper\Yande.Core.WebHelper.csproj", "{F0CE1B60-4289-4323-9BFE-73ED4101B79E}"
EndProject
Project("{9A19103F-16F7-4668-BE54-9A1E7A4F7556}") = "Yande.Core.ElasticSearch", "src\Yande.Core.ElasticSearch\Yande.Core.ElasticSearch.csproj", "{5464B7FA-42C9-4589-9958-2DBAF8D794B7}"
EndProject
Project("{9A19103F-16F7-4668-BE54-9A1E7A4F7556}") = "Yande.Core.QuartzNet", "src\Yande.Core.QuartzNet\Yande.Core.QuartzNet.csproj", "{FDF70174-F65A-4D42-B5A3-C6EB02A5EA5A}"
EndProject
Project("{9A19103F-16F7-4668-BE54-9A1E7A4F7556}") = "Yande.Middleware", "src\Yande.Middleware\Yande.Middleware.csproj", "{66B956DE-37F3-4F2A-863E-5AFF869183B7}"
EndProject
Project("{9A19103F-16F7-4668-BE54-9A1E7A4F7556}") = "OrderApi", "src\OrderApi\OrderApi.csproj", "{5C0266FC-4288-402B-89FB-B95CF00ED892}"
EndProject
Project("{9A19103F-16F7-4668-BE54-9A1E7A4F7556}") = "ProductApi", "src\ProductApi\ProductApi.csproj", "{A0C17F50-659A-4AAE-8883-FC6CF502167B}"
EndProject
Project("{9A19103F-16F7-4668-BE54-9A1E7A4F7556}") = "CartApi", "src\CartApi\CartApi.csproj", "{9E4F941A-5EC9-45B1-AE70-E3438FD2E4FF}"
EndProject
Project("{9A19103F-16F7-4668-BE54-9A1E7A4F7556}") = "Yande.HealthCheckUI", "src\Yande.HealthCheckUI\Yande.HealthCheckUI.csproj", "{BA462EC9-7933-4999-ACAF-8703DCBB7DB0}"
EndProject
Project("{9A19103F-16F7-4668-BE54-9A1E7A4F7556}") = "SignApi", "src\SignApi\SignApi.csproj", "{AD4B1023-1374-4770-ABA6-72BC24C13D0E}"
EndProject
Project("{9A19103F-16F7-4668-BE54-9A1E7A4F7556}") = "SignClient", "src\SignClient\SignClient.csproj", "{3104DAA8-A272-4BC1-9739-9239162937F1}"
EndProject
Project("{9A19103F-16F7-4668-BE54-9A1E7A4F7556}") = "YandeSignApi", "src\YandeSignApi\YandeSignApi.csproj", "{01D06CE4-1354-4A90-A9B6-43C0B86DCA52}"
EndProject
Project("{9A19103F-16F7-4668-BE54-9A1E7A4F7556}") = "YandeSignConsole", "src\YandeSignConsole\YandeSignConsole.csproj", "{2974983E-C01B-43F6-95D3-80CD94E27CCA}"
EndProject
Project("{9A19103F-16F7-4668-BE54-9A1E7A4F7556}") = "YandeSignSdk", "src\YandeSignSdk\YandeSignSdk.csproj", "{38BCB5E3-0B2D-4038-A288-8F560D28ECFC}"
EndProject
Project("{9A19103F-16F7-4668-BE54-9A1E7A4F7556}") = "TestProject1", "src\TestProject1\TestProject1.csproj", "{426C6F93-8013-421A-BE19-D866E4468DF4}"
EndProject
Project("{9A19103F-16F7-4668-BE54-9A1E7A4F7556}") = "FeiShuSdk", "src\FeiShuSdk\FeiShuSdk.csproj", "{0D419DBA-D24A-4A74-A225-E64F70D2C440}"
EndProject
Project("{9A19103F-16F7-4668-BE54-9A1E7A4F7556}") = "WebApplication1", "src\WebApplication1\WebApplication1.csproj", "{7B05E654-6C0C-4972-8F20-0CCC2BC82D0B}"
EndProject
Project("{9A19103F-16F7-4668-BE54-9A1E7A4F7556}") = "Sample.BulkConsole", "src\Sample.BulkConsole\Sample.BulkConsole.csproj", "{2DD6AB66-F1CA-406F-8DA0-44C72112C5F0}"
EndProject
Project("{9A19103F-16F7-4668-BE54-9A1E7A4F7556}") = "Common", "src\Common\Common.csproj", "{ECDBCF9B-81FD-47BD-A67F-6337C01DA338}"
EndProject
Project("{9A19103F-16F7-4668-BE54-9A1E7A4F7556}") = "RabbitMQDemo.Basic.Producer", "src\RabbitMQDemo.Basic.Producer\RabbitMQDemo.Basic.Producer.csproj", "{CDA58249-86F1-4F1D-84CF-A59B17AE731A}"
EndProject
Project("{9A19103F-16F7-4668-BE54-9A1E7A4F7556}") = "RabbitMQDemo.Basic.Consumer", "src\RabbitMQDemo.Basic.Consumer\RabbitMQDemo.Basic.Consumer.csproj", "{050652CE-E866-4DB9-A13D-527283DE821F}"
EndProject
Project("{FAE04EC0-301F-11D3-BF4B-00C04F79EFBC}") = "RabbitMQDemo.Basic.ConsumerB", "src\RabbitMQDemo.Basic.ConsumerB\RabbitMQDemo.Basic.ConsumerB.csproj", "{4C66D304-9921-417F-9E2D-753209841DBF}"
EndProject
Global
	GlobalSection(SolutionConfigurationPlatforms) = preSolution
		Debug|Any CPU = Debug|Any CPU
		Release|Any CPU = Release|Any CPU
	EndGlobalSection
	GlobalSection(ProjectConfigurationPlatforms) = postSolution
		{1A98C5AD-C3E0-4914-9EF3-B1242C3E40FE}.Debug|Any CPU.ActiveCfg = Debug|Any CPU
		{1A98C5AD-C3E0-4914-9EF3-B1242C3E40FE}.Debug|Any CPU.Build.0 = Debug|Any CPU
		{1A98C5AD-C3E0-4914-9EF3-B1242C3E40FE}.Release|Any CPU.ActiveCfg = Release|Any CPU
		{1A98C5AD-C3E0-4914-9EF3-B1242C3E40FE}.Release|Any CPU.Build.0 = Release|Any CPU
		{D2F274FB-D5F3-42EE-8F4F-82888D09D14D}.Debug|Any CPU.ActiveCfg = Debug|Any CPU
		{D2F274FB-D5F3-42EE-8F4F-82888D09D14D}.Debug|Any CPU.Build.0 = Debug|Any CPU
		{D2F274FB-D5F3-42EE-8F4F-82888D09D14D}.Release|Any CPU.ActiveCfg = Release|Any CPU
		{D2F274FB-D5F3-42EE-8F4F-82888D09D14D}.Release|Any CPU.Build.0 = Release|Any CPU
		{3C47F391-2FB8-4483-AAAA-53D389EB9777}.Debug|Any CPU.ActiveCfg = Debug|Any CPU
		{3C47F391-2FB8-4483-AAAA-53D389EB9777}.Debug|Any CPU.Build.0 = Debug|Any CPU
		{3C47F391-2FB8-4483-AAAA-53D389EB9777}.Release|Any CPU.ActiveCfg = Release|Any CPU
		{3C47F391-2FB8-4483-AAAA-53D389EB9777}.Release|Any CPU.Build.0 = Release|Any CPU
		{97CF9AF0-E211-4D39-909F-357B675DD956}.Debug|Any CPU.ActiveCfg = Debug|Any CPU
		{97CF9AF0-E211-4D39-909F-357B675DD956}.Debug|Any CPU.Build.0 = Debug|Any CPU
		{97CF9AF0-E211-4D39-909F-357B675DD956}.Release|Any CPU.ActiveCfg = Release|Any CPU
		{97CF9AF0-E211-4D39-909F-357B675DD956}.Release|Any CPU.Build.0 = Release|Any CPU
		{D21F457C-BA03-48F4-AEC1-252971533D4A}.Debug|Any CPU.ActiveCfg = Debug|Any CPU
		{D21F457C-BA03-48F4-AEC1-252971533D4A}.Debug|Any CPU.Build.0 = Debug|Any CPU
		{D21F457C-BA03-48F4-AEC1-252971533D4A}.Release|Any CPU.ActiveCfg = Release|Any CPU
		{D21F457C-BA03-48F4-AEC1-252971533D4A}.Release|Any CPU.Build.0 = Release|Any CPU
		{21C327E6-CC87-43A3-8AA0-F16A56660D95}.Debug|Any CPU.ActiveCfg = Debug|Any CPU
		{21C327E6-CC87-43A3-8AA0-F16A56660D95}.Debug|Any CPU.Build.0 = Debug|Any CPU
		{21C327E6-CC87-43A3-8AA0-F16A56660D95}.Release|Any CPU.ActiveCfg = Release|Any CPU
		{21C327E6-CC87-43A3-8AA0-F16A56660D95}.Release|Any CPU.Build.0 = Release|Any CPU
		{E6F78A6C-9744-4EED-B761-52458F1141C1}.Debug|Any CPU.ActiveCfg = Debug|Any CPU
		{E6F78A6C-9744-4EED-B761-52458F1141C1}.Debug|Any CPU.Build.0 = Debug|Any CPU
		{E6F78A6C-9744-4EED-B761-52458F1141C1}.Release|Any CPU.ActiveCfg = Release|Any CPU
		{E6F78A6C-9744-4EED-B761-52458F1141C1}.Release|Any CPU.Build.0 = Release|Any CPU
		{F0CE1B60-4289-4323-9BFE-73ED4101B79E}.Debug|Any CPU.ActiveCfg = Debug|Any CPU
		{F0CE1B60-4289-4323-9BFE-73ED4101B79E}.Debug|Any CPU.Build.0 = Debug|Any CPU
		{F0CE1B60-4289-4323-9BFE-73ED4101B79E}.Release|Any CPU.ActiveCfg = Release|Any CPU
		{F0CE1B60-4289-4323-9BFE-73ED4101B79E}.Release|Any CPU.Build.0 = Release|Any CPU
		{5464B7FA-42C9-4589-9958-2DBAF8D794B7}.Debug|Any CPU.ActiveCfg = Debug|Any CPU
		{5464B7FA-42C9-4589-9958-2DBAF8D794B7}.Debug|Any CPU.Build.0 = Debug|Any CPU
		{5464B7FA-42C9-4589-9958-2DBAF8D794B7}.Release|Any CPU.ActiveCfg = Release|Any CPU
		{5464B7FA-42C9-4589-9958-2DBAF8D794B7}.Release|Any CPU.Build.0 = Release|Any CPU
		{FDF70174-F65A-4D42-B5A3-C6EB02A5EA5A}.Debug|Any CPU.ActiveCfg = Debug|Any CPU
		{FDF70174-F65A-4D42-B5A3-C6EB02A5EA5A}.Debug|Any CPU.Build.0 = Debug|Any CPU
		{FDF70174-F65A-4D42-B5A3-C6EB02A5EA5A}.Release|Any CPU.ActiveCfg = Release|Any CPU
		{FDF70174-F65A-4D42-B5A3-C6EB02A5EA5A}.Release|Any CPU.Build.0 = Release|Any CPU
		{66B956DE-37F3-4F2A-863E-5AFF869183B7}.Debug|Any CPU.ActiveCfg = Debug|Any CPU
		{66B956DE-37F3-4F2A-863E-5AFF869183B7}.Debug|Any CPU.Build.0 = Debug|Any CPU
		{66B956DE-37F3-4F2A-863E-5AFF869183B7}.Release|Any CPU.ActiveCfg = Release|Any CPU
		{66B956DE-37F3-4F2A-863E-5AFF869183B7}.Release|Any CPU.Build.0 = Release|Any CPU
		{5C0266FC-4288-402B-89FB-B95CF00ED892}.Debug|Any CPU.ActiveCfg = Debug|Any CPU
		{5C0266FC-4288-402B-89FB-B95CF00ED892}.Debug|Any CPU.Build.0 = Debug|Any CPU
		{5C0266FC-4288-402B-89FB-B95CF00ED892}.Release|Any CPU.ActiveCfg = Release|Any CPU
		{5C0266FC-4288-402B-89FB-B95CF00ED892}.Release|Any CPU.Build.0 = Release|Any CPU
		{A0C17F50-659A-4AAE-8883-FC6CF502167B}.Debug|Any CPU.ActiveCfg = Debug|Any CPU
		{A0C17F50-659A-4AAE-8883-FC6CF502167B}.Debug|Any CPU.Build.0 = Debug|Any CPU
		{A0C17F50-659A-4AAE-8883-FC6CF502167B}.Release|Any CPU.ActiveCfg = Release|Any CPU
		{A0C17F50-659A-4AAE-8883-FC6CF502167B}.Release|Any CPU.Build.0 = Release|Any CPU
		{9E4F941A-5EC9-45B1-AE70-E3438FD2E4FF}.Debug|Any CPU.ActiveCfg = Debug|Any CPU
		{9E4F941A-5EC9-45B1-AE70-E3438FD2E4FF}.Debug|Any CPU.Build.0 = Debug|Any CPU
		{9E4F941A-5EC9-45B1-AE70-E3438FD2E4FF}.Release|Any CPU.ActiveCfg = Release|Any CPU
		{9E4F941A-5EC9-45B1-AE70-E3438FD2E4FF}.Release|Any CPU.Build.0 = Release|Any CPU
		{BA462EC9-7933-4999-ACAF-8703DCBB7DB0}.Debug|Any CPU.ActiveCfg = Debug|Any CPU
		{BA462EC9-7933-4999-ACAF-8703DCBB7DB0}.Debug|Any CPU.Build.0 = Debug|Any CPU
		{BA462EC9-7933-4999-ACAF-8703DCBB7DB0}.Release|Any CPU.ActiveCfg = Release|Any CPU
		{BA462EC9-7933-4999-ACAF-8703DCBB7DB0}.Release|Any CPU.Build.0 = Release|Any CPU
		{AD4B1023-1374-4770-ABA6-72BC24C13D0E}.Debug|Any CPU.ActiveCfg = Debug|Any CPU
		{AD4B1023-1374-4770-ABA6-72BC24C13D0E}.Debug|Any CPU.Build.0 = Debug|Any CPU
		{AD4B1023-1374-4770-ABA6-72BC24C13D0E}.Release|Any CPU.ActiveCfg = Release|Any CPU
		{AD4B1023-1374-4770-ABA6-72BC24C13D0E}.Release|Any CPU.Build.0 = Release|Any CPU
		{3104DAA8-A272-4BC1-9739-9239162937F1}.Debug|Any CPU.ActiveCfg = Debug|Any CPU
		{3104DAA8-A272-4BC1-9739-9239162937F1}.Debug|Any CPU.Build.0 = Debug|Any CPU
		{3104DAA8-A272-4BC1-9739-9239162937F1}.Release|Any CPU.ActiveCfg = Release|Any CPU
		{3104DAA8-A272-4BC1-9739-9239162937F1}.Release|Any CPU.Build.0 = Release|Any CPU
		{01D06CE4-1354-4A90-A9B6-43C0B86DCA52}.Debug|Any CPU.ActiveCfg = Debug|Any CPU
		{01D06CE4-1354-4A90-A9B6-43C0B86DCA52}.Debug|Any CPU.Build.0 = Debug|Any CPU
		{01D06CE4-1354-4A90-A9B6-43C0B86DCA52}.Release|Any CPU.ActiveCfg = Release|Any CPU
		{01D06CE4-1354-4A90-A9B6-43C0B86DCA52}.Release|Any CPU.Build.0 = Release|Any CPU
		{2974983E-C01B-43F6-95D3-80CD94E27CCA}.Debug|Any CPU.ActiveCfg = Debug|Any CPU
		{2974983E-C01B-43F6-95D3-80CD94E27CCA}.Debug|Any CPU.Build.0 = Debug|Any CPU
		{2974983E-C01B-43F6-95D3-80CD94E27CCA}.Release|Any CPU.ActiveCfg = Release|Any CPU
		{2974983E-C01B-43F6-95D3-80CD94E27CCA}.Release|Any CPU.Build.0 = Release|Any CPU
		{38BCB5E3-0B2D-4038-A288-8F560D28ECFC}.Debug|Any CPU.ActiveCfg = Debug|Any CPU
		{38BCB5E3-0B2D-4038-A288-8F560D28ECFC}.Debug|Any CPU.Build.0 = Debug|Any CPU
		{38BCB5E3-0B2D-4038-A288-8F560D28ECFC}.Release|Any CPU.ActiveCfg = Release|Any CPU
		{38BCB5E3-0B2D-4038-A288-8F560D28ECFC}.Release|Any CPU.Build.0 = Release|Any CPU
		{426C6F93-8013-421A-BE19-D866E4468DF4}.Debug|Any CPU.ActiveCfg = Debug|Any CPU
		{426C6F93-8013-421A-BE19-D866E4468DF4}.Debug|Any CPU.Build.0 = Debug|Any CPU
		{426C6F93-8013-421A-BE19-D866E4468DF4}.Release|Any CPU.ActiveCfg = Release|Any CPU
		{426C6F93-8013-421A-BE19-D866E4468DF4}.Release|Any CPU.Build.0 = Release|Any CPU
		{0D419DBA-D24A-4A74-A225-E64F70D2C440}.Debug|Any CPU.ActiveCfg = Debug|Any CPU
		{0D419DBA-D24A-4A74-A225-E64F70D2C440}.Debug|Any CPU.Build.0 = Debug|Any CPU
		{0D419DBA-D24A-4A74-A225-E64F70D2C440}.Release|Any CPU.ActiveCfg = Release|Any CPU
		{0D419DBA-D24A-4A74-A225-E64F70D2C440}.Release|Any CPU.Build.0 = Release|Any CPU
		{7B05E654-6C0C-4972-8F20-0CCC2BC82D0B}.Debug|Any CPU.ActiveCfg = Debug|Any CPU
		{7B05E654-6C0C-4972-8F20-0CCC2BC82D0B}.Debug|Any CPU.Build.0 = Debug|Any CPU
		{7B05E654-6C0C-4972-8F20-0CCC2BC82D0B}.Release|Any CPU.ActiveCfg = Release|Any CPU
		{7B05E654-6C0C-4972-8F20-0CCC2BC82D0B}.Release|Any CPU.Build.0 = Release|Any CPU
		{2DD6AB66-F1CA-406F-8DA0-44C72112C5F0}.Debug|Any CPU.ActiveCfg = Debug|Any CPU
		{2DD6AB66-F1CA-406F-8DA0-44C72112C5F0}.Debug|Any CPU.Build.0 = Debug|Any CPU
		{2DD6AB66-F1CA-406F-8DA0-44C72112C5F0}.Release|Any CPU.ActiveCfg = Release|Any CPU
		{2DD6AB66-F1CA-406F-8DA0-44C72112C5F0}.Release|Any CPU.Build.0 = Release|Any CPU
		{ECDBCF9B-81FD-47BD-A67F-6337C01DA338}.Debug|Any CPU.ActiveCfg = Debug|Any CPU
		{ECDBCF9B-81FD-47BD-A67F-6337C01DA338}.Debug|Any CPU.Build.0 = Debug|Any CPU
		{ECDBCF9B-81FD-47BD-A67F-6337C01DA338}.Release|Any CPU.ActiveCfg = Release|Any CPU
		{ECDBCF9B-81FD-47BD-A67F-6337C01DA338}.Release|Any CPU.Build.0 = Release|Any CPU
		{CDA58249-86F1-4F1D-84CF-A59B17AE731A}.Debug|Any CPU.ActiveCfg = Debug|Any CPU
		{CDA58249-86F1-4F1D-84CF-A59B17AE731A}.Debug|Any CPU.Build.0 = Debug|Any CPU
		{CDA58249-86F1-4F1D-84CF-A59B17AE731A}.Release|Any CPU.ActiveCfg = Release|Any CPU
		{CDA58249-86F1-4F1D-84CF-A59B17AE731A}.Release|Any CPU.Build.0 = Release|Any CPU
		{050652CE-E866-4DB9-A13D-527283DE821F}.Debug|Any CPU.ActiveCfg = Debug|Any CPU
		{050652CE-E866-4DB9-A13D-527283DE821F}.Debug|Any CPU.Build.0 = Debug|Any CPU
		{050652CE-E866-4DB9-A13D-527283DE821F}.Release|Any CPU.ActiveCfg = Release|Any CPU
		{050652CE-E866-4DB9-A13D-527283DE821F}.Release|Any CPU.Build.0 = Release|Any CPU
		{4C66D304-9921-417F-9E2D-753209841DBF}.Debug|Any CPU.ActiveCfg = Debug|Any CPU
		{4C66D304-9921-417F-9E2D-753209841DBF}.Debug|Any CPU.Build.0 = Debug|Any CPU
		{4C66D304-9921-417F-9E2D-753209841DBF}.Release|Any CPU.ActiveCfg = Release|Any CPU
		{4C66D304-9921-417F-9E2D-753209841DBF}.Release|Any CPU.Build.0 = Release|Any CPU
	EndGlobalSection
	GlobalSection(SolutionProperties) = preSolution
		HideSolutionNode = FALSE
	EndGlobalSection
	GlobalSection(NestedProjects) = preSolution
		{1A98C5AD-C3E0-4914-9EF3-B1242C3E40FE} = {B9CE8818-A349-4678-BD94-20FABDC3AA3C}
		{D2F274FB-D5F3-42EE-8F4F-82888D09D14D} = {B9CE8818-A349-4678-BD94-20FABDC3AA3C}
		{3C47F391-2FB8-4483-AAAA-53D389EB9777} = {B9CE8818-A349-4678-BD94-20FABDC3AA3C}
		{97CF9AF0-E211-4D39-909F-357B675DD956} = {B9CE8818-A349-4678-BD94-20FABDC3AA3C}
		{D21F457C-BA03-48F4-AEC1-252971533D4A} = {B9CE8818-A349-4678-BD94-20FABDC3AA3C}
		{21C327E6-CC87-43A3-8AA0-F16A56660D95} = {B9CE8818-A349-4678-BD94-20FABDC3AA3C}
		{E6F78A6C-9744-4EED-B761-52458F1141C1} = {B9CE8818-A349-4678-BD94-20FABDC3AA3C}
		{F0CE1B60-4289-4323-9BFE-73ED4101B79E} = {B9CE8818-A349-4678-BD94-20FABDC3AA3C}
		{5464B7FA-42C9-4589-9958-2DBAF8D794B7} = {B9CE8818-A349-4678-BD94-20FABDC3AA3C}
		{FDF70174-F65A-4D42-B5A3-C6EB02A5EA5A} = {B9CE8818-A349-4678-BD94-20FABDC3AA3C}
		{66B956DE-37F3-4F2A-863E-5AFF869183B7} = {B9CE8818-A349-4678-BD94-20FABDC3AA3C}
		{5C0266FC-4288-402B-89FB-B95CF00ED892} = {B9CE8818-A349-4678-BD94-20FABDC3AA3C}
		{A0C17F50-659A-4AAE-8883-FC6CF502167B} = {B9CE8818-A349-4678-BD94-20FABDC3AA3C}
		{9E4F941A-5EC9-45B1-AE70-E3438FD2E4FF} = {B9CE8818-A349-4678-BD94-20FABDC3AA3C}
		{BA462EC9-7933-4999-ACAF-8703DCBB7DB0} = {B9CE8818-A349-4678-BD94-20FABDC3AA3C}
		{AD4B1023-1374-4770-ABA6-72BC24C13D0E} = {B9CE8818-A349-4678-BD94-20FABDC3AA3C}
		{3104DAA8-A272-4BC1-9739-9239162937F1} = {B9CE8818-A349-4678-BD94-20FABDC3AA3C}
		{01D06CE4-1354-4A90-A9B6-43C0B86DCA52} = {B9CE8818-A349-4678-BD94-20FABDC3AA3C}
		{2974983E-C01B-43F6-95D3-80CD94E27CCA} = {B9CE8818-A349-4678-BD94-20FABDC3AA3C}
		{38BCB5E3-0B2D-4038-A288-8F560D28ECFC} = {B9CE8818-A349-4678-BD94-20FABDC3AA3C}
		{426C6F93-8013-421A-BE19-D866E4468DF4} = {7E600273-89CB-4B48-9DCD-F7F95BB867C7}
		{0D419DBA-D24A-4A74-A225-E64F70D2C440} = {B9CE8818-A349-4678-BD94-20FABDC3AA3C}
		{7B05E654-6C0C-4972-8F20-0CCC2BC82D0B} = {B9CE8818-A349-4678-BD94-20FABDC3AA3C}
		{2DD6AB66-F1CA-406F-8DA0-44C72112C5F0} = {B9CE8818-A349-4678-BD94-20FABDC3AA3C}
		{ECDBCF9B-81FD-47BD-A67F-6337C01DA338} = {B9CE8818-A349-4678-BD94-20FABDC3AA3C}
		{CDA58249-86F1-4F1D-84CF-A59B17AE731A} = {B9CE8818-A349-4678-BD94-20FABDC3AA3C}
		{050652CE-E866-4DB9-A13D-527283DE821F} = {B9CE8818-A349-4678-BD94-20FABDC3AA3C}
		{4C66D304-9921-417F-9E2D-753209841DBF} = {B9CE8818-A349-4678-BD94-20FABDC3AA3C}
	EndGlobalSection
	GlobalSection(ExtensibilityGlobals) = postSolution
		SolutionGuid = {0A1602B0-CE22-461A-9C0C-312AEFB20E2D}
	EndGlobalSection
EndGlobal
